PODS:
  - ACEDrawingView (2.1.0)
  - iOS-Color-Picker (1.1.4)
  - Masonry (1.0.2)
  - TOCropViewController (2.0.12)

DEPENDENCIES:
  - ACEDrawingView
  - iOS-Color-Picker
  - Masonry
  - TOCropViewController

SPEC CHECKSUMS:
  ACEDrawingView: 39f36ed8c73d63ea1664ecf1ca7150a700fff513
  iOS-Color-Picker: 0eebf395527785e1ff2180c35b69f6d369051555
  Masonry: 7c429b56da9d4ee0bbb3ed77a5ea710d6a5df39e
  TOCropViewController: e6e31b38d785a901e5651a1e7fff71bcda6c5214

PODFILE CHECKSUM: 92da59fd9be3d257939407ec398a9b9c511ca967

COCOAPODS: 1.1.1
